Microsoft Visual Studio Solution File, Format Version 12.00
# Visual Studio Version 17
VisualStudioVersion = 17.5.2.0
MinimumVisualStudioVersion = 10.0.40219.1
Project("{FAE04EC0-301F-11D3-BF4B-00C04F79EFBC}") = "shervinbdndev", "shervinbdndev.csproj", "{38F43C04-A84F-E58D-CC1E-6C4435109E6B}"
EndProject
Global
	GlobalSection(SolutionConfigurationPlatforms) = preSolution
		Debug|Any CPU = Debug|Any CPU
		Release|Any CPU = Release|Any CPU
	EndGlobalSection
	GlobalSection(ProjectConfigurationPlatforms) = postSolution
		{38F43C04-A84F-E58D-CC1E-6C4435109E6B}.Debug|Any CPU.ActiveCfg = Debug|Any CPU
		{38F43C04-A84F-E58D-CC1E-6C4435109E6B}.Debug|Any CPU.Build.0 = Debug|Any CPU
		{38F43C04-A84F-E58D-CC1E-6C4435109E6B}.Release|Any CPU.ActiveCfg = Release|Any CPU
		{38F43C04-A84F-E58D-CC1E-6C4435109E6B}.Release|Any CPU.Build.0 = Release|Any CPU
	EndGlobalSection
	GlobalSection(SolutionProperties) = preSolution
		HideSolutionNode = FALSE
	EndGlobalSection
	GlobalSection(ExtensibilityGlobals) = postSolution
		SolutionGuid = {251627A0-7825-4E6E-B2E6-8BC8FAC81B51}
	EndGlobalSection
EndGlobal
